// !$*UTF8*$!
{
	archiveVersion = 1;
	classes = {
	};
	objectVersion = 46;
	objects = {

/* Begin PBXBuildFile section */
		1105956619EC08EF00FF65EC /* AccountController.swift in Sources */ = {isa = PBXBuildFile; fileRef = 1105956419EC08EF00FF65EC /* AccountController.swift */; };
		1105956719EC08EF00FF65EC /* FinanceController.swift in Sources */ = {isa = PBXBuildFile; fileRef = 1105956519EC08EF00FF65EC /* FinanceController.swift */; };
		11B979051A0DEEEE00E3299F /* QuartzCore.framework in Frameworks */ = {isa = PBXBuildFile; fileRef = 11B979041A0DEEEE00E3299F /* QuartzCore.framework */; };
		11C4C56219E57B1100AE4243 /* AppDelegate.swift in Sources */ = {isa = PBXBuildFile; fileRef = 11C4C56119E57B1100AE4243 /* AppDelegate.swift */; };
		11C4C56919E57B1100AE4243 /* Main.storyboard in Resources */ = {isa = PBXBuildFile; fileRef = 11C4C56719E57B1100AE4243 /* Main.storyboard */; };
		11C4C56B19E57B1100AE4243 /* Images.xcassets in Resources */ = {isa = PBXBuildFile; fileRef = 11C4C56A19E57B1100AE4243 /* Images.xcassets */; };
		11C4C56E19E57B1200AE4243 /* LaunchScreen.xib in Resources */ = {isa = PBXBuildFile; fileRef = 11C4C56C19E57B1200AE4243 /* LaunchScreen.xib */; };
		11C4C57A19E57B1200AE4243 /* FamilyFinanceTests.swift in Sources */ = {isa = PBXBuildFile; fileRef = 11C4C57919E57B1200AE4243 /* FamilyFinanceTests.swift */; };
		808438D82402DD231E1FB6DD /* libPods.a in Frameworks */ = {isa = PBXBuildFile; fileRef = 501D06C7B6F7CD7BD3A2C33E /* libPods.a */; };
		9B069CBE1A3879E600C2E2E8 /* EditController.swift in Sources */ = {isa = PBXBuildFile; fileRef = 9B069CBD1A3879E600C2E2E8 /* EditController.swift */; };
		9B103EC31A2215C8000A56CF /* UIColor+Chart.swift in Sources */ = {isa = PBXBuildFile; fileRef = 9B103EC21A2215C8000A56CF /* UIColor+Chart.swift */; };
		9B22B15B1A8CE9FF00A56D54 /* Html in Resources */ = {isa = PBXBuildFile; fileRef = 9B22B15A1A8CE9FF00A56D54 /* Html */; };
		9B2E9EFA1A6FE10F006375F6 /* DBManager.swift in Sources */ = {isa = PBXBuildFile; fileRef = 9B2E9EF91A6FE10F006375F6 /* DBManager.swift */; };
		9B37A7E71A35DA8B005829C7 /* LineLabel.swift in Sources */ = {isa = PBXBuildFile; fileRef = 9B37A7E61A35DA8B005829C7 /* LineLabel.swift */; };
		9B39A55B1A5ACDF900B0C182 /* entertainment.png in Resources */ = {isa = PBXBuildFile; fileRef = 9B39A5531A5ACDF900B0C182 /* entertainment.png */; };
		9B39A55C1A5ACDF900B0C182 /* food.png in Resources */ = {isa = PBXBuildFile; fileRef = 9B39A5541A5ACDF900B0C182 /* food.png */; };
		9B39A55D1A5ACDF900B0C182 /* house.png in Resources */ = {isa = PBXBuildFile; fileRef = 9B39A5551A5ACDF900B0C182 /* house.png */; };
		9B39A55E1A5ACDF900B0C182 /* label.png in Resources */ = {isa = PBXBuildFile; fileRef = 9B39A5561A5ACDF900B0C182 /* label.png */; };
		9B39A55F1A5ACDF900B0C182 /* medicine.png in Resources */ = {isa = PBXBuildFile; fileRef = 9B39A5571A5ACDF900B0C182 /* medicine.png */; };
		9B39A5601A5ACDF900B0C182 /* shopping.png in Resources */ = {isa = PBXBuildFile; fileRef = 9B39A5581A5ACDF900B0C182 /* shopping.png */; };
		9B39A5611A5ACDF900B0C182 /* taxi.png in Resources */ = {isa = PBXBuildFile; fileRef = 9B39A5591A5ACDF900B0C182 /* taxi.png */; };
		9B39A5631A5AD64F00B0C182 /* CategoryCell.swift in Sources */ = {isa = PBXBuildFile; fileRef = 9B39A5621A5AD64F00B0C182 /* CategoryCell.swift */; };
		9B5DBE7A1A9DC14C005200CA /* DateUtil.swift in Sources */ = {isa = PBXBuildFile; fileRef = 9B5DBE791A9DC14C005200CA /* DateUtil.swift */; };
		9B6634871A77D04D00BB176B /* bonus.png in Resources */ = {isa = PBXBuildFile; fileRef = 9B6634841A77D04D00BB176B /* bonus.png */; };
		9B6634881A77D04D00BB176B /* salary.png in Resources */ = {isa = PBXBuildFile; fileRef = 9B6634851A77D04D00BB176B /* salary.png */; };
		9B6634891A77D04D00BB176B /* stock.png in Resources */ = {isa = PBXBuildFile; fileRef = 9B6634861A77D04D00BB176B /* stock.png */; };
		9B75DE161A5D608C00B33E2C /* cloth.png in Resources */ = {isa = PBXBuildFile; fileRef = 9B75DE151A5D608C00B33E2C /* cloth.png */; };
		9B7DA6291A79265500AA745B /* ReportsController.swift in Sources */ = {isa = PBXBuildFile; fileRef = 9B7DA6281A79265500AA745B /* ReportsController.swift */; };
		9B914AF41A407C9400813E6A /* CurrencyTextField.swift in Sources */ = {isa = PBXBuildFile; fileRef = 9B914AF31A407C9400813E6A /* CurrencyTextField.swift */; };
		9BA011A11A6E904E005F6567 /* Cash.swift in Sources */ = {isa = PBXBuildFile; fileRef = 9BA011A01A6E904E005F6567 /* Cash.swift */; };
		9BA011A31A6E9171005F6567 /* RLMSupport.swift in Sources */ = {isa = PBXBuildFile; fileRef = 9BA011A21A6E9171005F6567 /* RLMSupport.swift */; };
		9BA011A51A6E944A005F6567 /* Category.swift in Sources */ = {isa = PBXBuildFile; fileRef = 9BA011A41A6E944A005F6567 /* Category.swift */; };
		9BB2BB2E1A24B7680045602A /* CountingLabel.swift in Sources */ = {isa = PBXBuildFile; fileRef = 9BB2BB2D1A24B7680045602A /* CountingLabel.swift */; };
		9BBBD1231A22116400492C23 /* ChartKit.h in Headers */ = {isa = PBXBuildFile; fileRef = 9BBBD1221A22116400492C23 /* ChartKit.h */; settings = {ATTRIBUTES = (Public, ); }; };
		9BBBD1291A22116400492C23 /* ChartKit.framework in Frameworks */ = {isa = PBXBuildFile; fileRef = 9BBBD11E1A22116400492C23 /* ChartKit.framework */; };
		9BBBD1321A22116400492C23 /* ChartKitTests.swift in Sources */ = {isa = PBXBuildFile; fileRef = 9BBBD1311A22116400492C23 /* ChartKitTests.swift */; };
		9BBBD1351A22116400492C23 /* ChartKit.framework in Frameworks */ = {isa = PBXBuildFile; fileRef = 9BBBD11E1A22116400492C23 /* ChartKit.framework */; };
		9BBBD1361A22116400492C23 /* ChartKit.framework in Embed Frameworks */ = {isa = PBXBuildFile; fileRef = 9BBBD11E1A22116400492C23 /* ChartKit.framework */; settings = {ATTRIBUTES = (CodeSignOnCopy, RemoveHeadersOnCopy, ); }; };
		9BBBD13F1A22120D00492C23 /* CircleChart.swift in Sources */ = {isa = PBXBuildFile; fileRef = 9BBBD13E1A22120D00492C23 /* CircleChart.swift */; };
		9BF63E911A7FBADC002AEBEE /* ReportCell.swift in Sources */ = {isa = PBXBuildFile; fileRef = 9BF63E901A7FBADC002AEBEE /* ReportCell.swift */; };
/* End PBXBuildFile section */

/* Begin PBXContainerItemProxy section */
		11C4C57419E57B1200AE4243 /* PBXContainerItemProxy */ = {
			isa = PBXContainerItemProxy;
			containerPortal = 11C4C55419E57B1100AE4243 /* Project object */;
			proxyType = 1;
			remoteGlobalIDString = 11C4C55B19E57B1100AE4243;
			remoteInfo = FamilyFinance;
		};
		9BBBD12A1A22116400492C23 /* PBXContainerItemProxy */ = {
			isa = PBXContainerItemProxy;
			containerPortal = 11C4C55419E57B1100AE4243 /* Project object */;
			proxyType = 1;
			remoteGlobalIDString = 9BBBD11D1A22116400492C23;
			remoteInfo = ChartKit;
		};
		9BBBD12C1A22116400492C23 /* PBXContainerItemProxy */ = {
			isa = PBXContainerItemProxy;
			containerPortal = 11C4C55419E57B1100AE4243 /* Project object */;
			proxyType = 1;
			remoteGlobalIDString = 11C4C55B19E57B1100AE4243;
			remoteInfo = FamilyFinance;
		};
		9BBBD1331A22116400492C23 /* PBXContainerItemProxy */ = {
			isa = PBXContainerItemProxy;
			containerPortal = 11C4C55419E57B1100AE4243 /* Project object */;
			proxyType = 1;
			remoteGlobalIDString = 9BBBD11D1A22116400492C23;
			remoteInfo = ChartKit;
		};
/* End PBXContainerItemProxy section */

/* Begin PBXCopyFilesBuildPhase section */
		9BBBD13A1A22116400492C23 /* Embed Frameworks */ = {
			isa = PBXCopyFilesBuildPhase;
			buildActionMask = 2147483647;
			dstPath = "";
			dstSubfolderSpec = 10;
			files = (
				9BBBD1361A22116400492C23 /* ChartKit.framework in Embed Frameworks */,
			);
			name = "Embed Frameworks";
			runOnlyForDeploymentPostprocessing = 0;
		};
/* End PBXCopyFilesBuildPhase section */

/* Begin PBXFileReference section */
		1105956419EC08EF00FF65EC /* AccountController.swift */ = {isa = PBXFileReference; fileEncoding = 4; lastKnownFileType = sourcecode.swift; name = AccountController.swift; path = controllers/AccountController.swift; sourceTree = "<group>"; };
		1105956519EC08EF00FF65EC /* FinanceController.swift */ = {isa = PBXFileReference; fileEncoding = 4; lastKnownFileType = sourcecode.swift; name = FinanceController.swift; path = controllers/FinanceController.swift; sourceTree = "<group>"; };
		1134662B1A10DB2F00844C3F /* FamilyFinance-Bridging-Header.h */ = {isa = PBXFileReference; lastKnownFileType = sourcecode.c.h; path = "FamilyFinance-Bridging-Header.h"; sourceTree = "<group>"; };
		11B979041A0DEEEE00E3299F /* QuartzCore.framework */ = {isa = PBXFileReference; lastKnownFileType = wrapper.framework; name = QuartzCore.framework; path = System/Library/Frameworks/QuartzCore.framework; sourceTree = SDKROOT; };
		11C4C55C19E57B1100AE4243 /* FamilyFinance.app */ = {isa = PBXFileReference; explicitFileType = wrapper.application; includeInIndex = 0; path = FamilyFinance.app; sourceTree = BUILT_PRODUCTS_DIR; };
		11C4C56019E57B1100AE4243 /* Info.plist */ = {isa = PBXFileReference; lastKnownFileType = text.plist.xml; path = Info.plist; sourceTree = "<group>"; };
		11C4C56119E57B1100AE4243 /* AppDelegate.swift */ = {isa = PBXFileReference; lastKnownFileType = sourcecode.swift; path = AppDelegate.swift; sourceTree = "<group>"; };
		11C4C56819E57B1100AE4243 /* Base */ = {isa = PBXFileReference; lastKnownFileType = file.storyboard; name = Base; path = Base.lproj/Main.storyboard; sourceTree = "<group>"; };
		11C4C56A19E57B1100AE4243 /* Images.xcassets */ = {isa = PBXFileReference; lastKnownFileType = folder.assetcatalog; path = Images.xcassets; sourceTree = "<group>"; };
		11C4C56D19E57B1200AE4243 /* Base */ = {isa = PBXFileReference; lastKnownFileType = file.xib; name = Base; path = Base.lproj/LaunchScreen.xib; sourceTree = "<group>"; };
		11C4C57319E57B1200AE4243 /* FamilyFinanceTests.xctest */ = {isa = PBXFileReference; explicitFileType = wrapper.cfbundle; includeInIndex = 0; path = FamilyFinanceTests.xctest; sourceTree = BUILT_PRODUCTS_DIR; };
		11C4C57819E57B1200AE4243 /* Info.plist */ = {isa = PBXFileReference; lastKnownFileType = text.plist.xml; path = Info.plist; sourceTree = "<group>"; };
		11C4C57919E57B1200AE4243 /* FamilyFinanceTests.swift */ = {isa = PBXFileReference; lastKnownFileType = sourcecode.swift; path = FamilyFinanceTests.swift; sourceTree = "<group>"; };
		501D06C7B6F7CD7BD3A2C33E /* libPods.a */ = {isa = PBXFileReference; explicitFileType = archive.ar; includeInIndex = 0; path = libPods.a; sourceTree = BUILT_PRODUCTS_DIR; };
		55C7116BA96CFBB8A8ACFA07 /* Pods.release.xcconfig */ = {isa = PBXFileReference; includeInIndex = 1; lastKnownFileType = text.xcconfig; name = Pods.release.xcconfig; path = "Pods/Target Support Files/Pods/Pods.release.xcconfig"; sourceTree = "<group>"; };
		9B069CBD1A3879E600C2E2E8 /* EditController.swift */ = {isa = PBXFileReference; fileEncoding = 4; lastKnownFileType = sourcecode.swift; name = EditController.swift; path = controllers/EditController.swift; sourceTree = "<group>"; };
		9B103EC21A2215C8000A56CF /* UIColor+Chart.swift */ = {isa = PBXFileReference; fileEncoding = 4; lastKnownFileType = sourcecode.swift; path = "UIColor+Chart.swift"; sourceTree = "<group>"; };
		9B22B15A1A8CE9FF00A56D54 /* Html */ = {isa = PBXFileReference; lastKnownFileType = folder; path = Html; sourceTree = "<group>"; };
		9B2E9EF91A6FE10F006375F6 /* DBManager.swift */ = {isa = PBXFileReference; fileEncoding = 4; lastKnownFileType = sourcecode.swift; name = DBManager.swift; path = Model/DBManager.swift; sourceTree = "<group>"; };
		9B37A7E61A35DA8B005829C7 /* LineLabel.swift */ = {isa = PBXFileReference; fileEncoding = 4; lastKnownFileType = sourcecode.swift; path = LineLabel.swift; sourceTree = "<group>"; };
		9B39A5531A5ACDF900B0C182 /* entertainment.png */ = {isa = PBXFileReference; lastKnownFileType = image.png; path = entertainment.png; sourceTree = "<group>"; };
		9B39A5541A5ACDF900B0C182 /* food.png */ = {isa = PBXFileReference; lastKnownFileType = image.png; path = food.png; sourceTree = "<group>"; };
		9B39A5551A5ACDF900B0C182 /* house.png */ = {isa = PBXFileReference; lastKnownFileType = image.png; path = house.png; sourceTree = "<group>"; };
		9B39A5561A5ACDF900B0C182 /* label.png */ = {isa = PBXFileReference; lastKnownFileType = image.png; path = label.png; sourceTree = "<group>"; };
		9B39A5571A5ACDF900B0C182 /* medicine.png */ = {isa = PBXFileReference; lastKnownFileType = image.png; path = medicine.png; sourceTree = "<group>"; };
		9B39A5581A5ACDF900B0C182 /* shopping.png */ = {isa = PBXFileReference; lastKnownFileType = image.png; path = shopping.png; sourceTree = "<group>"; };
		9B39A5591A5ACDF900B0C182 /* taxi.png */ = {isa = PBXFileReference; lastKnownFileType = image.png; path = taxi.png; sourceTree = "<group>"; };
		9B39A5621A5AD64F00B0C182 /* CategoryCell.swift */ = {isa = PBXFileReference; fileEncoding = 4; lastKnownFileType = sourcecode.swift; name = CategoryCell.swift; path = View/CategoryCell.swift; sourceTree = "<group>"; };
		9B5DBE791A9DC14C005200CA /* DateUtil.swift */ = {isa = PBXFileReference; fileEncoding = 4; lastKnownFileType = sourcecode.swift; name = DateUtil.swift; path = Util/DateUtil.swift; sourceTree = "<group>"; };
		9B6634841A77D04D00BB176B /* bonus.png */ = {isa = PBXFileReference; lastKnownFileType = image.png; path = bonus.png; sourceTree = "<group>"; };
		9B6634851A77D04D00BB176B /* salary.png */ = {isa = PBXFileReference; lastKnownFileType = image.png; path = salary.png; sourceTree = "<group>"; };
		9B6634861A77D04D00BB176B /* stock.png */ = {isa = PBXFileReference; lastKnownFileType = image.png; path = stock.png; sourceTree = "<group>"; };
		9B75DE151A5D608C00B33E2C /* cloth.png */ = {isa = PBXFileReference; lastKnownFileType = image.png; path = cloth.png; sourceTree = "<group>"; };
		9B7DA6281A79265500AA745B /* ReportsController.swift */ = {isa = PBXFileReference; fileEncoding = 4; lastKnownFileType = sourcecode.swift; name = ReportsController.swift; path = controllers/ReportsController.swift; sourceTree = "<group>"; };
		9B914AF31A407C9400813E6A /* CurrencyTextField.swift */ = {isa = PBXFileReference; fileEncoding = 4; lastKnownFileType = sourcecode.swift; path = CurrencyTextField.swift; sourceTree = "<group>"; };
		9BA011A01A6E904E005F6567 /* Cash.swift */ = {isa = PBXFileReference; fileEncoding = 4; lastKnownFileType = sourcecode.swift; name = Cash.swift; path = Model/Cash.swift; sourceTree = "<group>"; };
		9BA011A21A6E9171005F6567 /* RLMSupport.swift */ = {isa = PBXFileReference; fileEncoding = 4; lastKnownFileType = sourcecode.swift; path = RLMSupport.swift; sourceTree = "<group>"; };
		9BA011A41A6E944A005F6567 /* Category.swift */ = {isa = PBXFileReference; fileEncoding = 4; lastKnownFileType = sourcecode.swift; name = Category.swift; path = Model/Category.swift; sourceTree = "<group>"; };
		9BB2BB2D1A24B7680045602A /* CountingLabel.swift */ = {isa = PBXFileReference; fileEncoding = 4; lastKnownFileType = sourcecode.swift; path = CountingLabel.swift; sourceTree = "<group>"; };
		9BBBD11E1A22116400492C23 /* ChartKit.framework */ = {isa = PBXFileReference; explicitFileType = wrapper.framework; includeInIndex = 0; path = ChartKit.framework; sourceTree = BUILT_PRODUCTS_DIR; };
		9BBBD1211A22116400492C23 /* Info.plist */ = {isa = PBXFileReference; lastKnownFileType = text.plist.xml; path = Info.plist; sourceTree = "<group>"; };
		9BBBD1221A22116400492C23 /* ChartKit.h */ = {isa = PBXFileReference; lastKnownFileType = sourcecode.c.h; path = ChartKit.h; sourceTree = "<group>"; };
		9BBBD1281A22116400492C23 /* ChartKitTests.xctest */ = {isa = PBXFileReference; explicitFileType = wrapper.cfbundle; includeInIndex = 0; path = ChartKitTests.xctest; sourceTree = BUILT_PRODUCTS_DIR; };
		9BBBD1301A22116400492C23 /* Info.plist */ = {isa = PBXFileReference; lastKnownFileType = text.plist.xml; path = Info.plist; sourceTree = "<group>"; };
		9BBBD1311A22116400492C23 /* ChartKitTests.swift */ = {isa = PBXFileReference; lastKnownFileType = sourcecode.swift; path = ChartKitTests.swift; sourceTree = "<group>"; };
		9BBBD13E1A22120D00492C23 /* CircleChart.swift */ = {isa = PBXFileReference; fileEncoding = 4; lastKnownFileType = sourcecode.swift; path = CircleChart.swift; sourceTree = "<group>"; };
		9BDE09F61AA22B7B003356F8 /* zh-Hans */ = {isa = PBXFileReference; lastKnownFileType = text.plist.strings; name = "zh-Hans"; path = "zh-Hans.lproj/Main.strings"; sourceTree = "<group>"; };
		9BDE09F71AA22B7B003356F8 /* zh-Hans */ = {isa = PBXFileReference; lastKnownFileType = text.plist.strings; name = "zh-Hans"; path = "zh-Hans.lproj/LaunchScreen.strings"; sourceTree = "<group>"; };
		9BF63E901A7FBADC002AEBEE /* ReportCell.swift */ = {isa = PBXFileReference; fileEncoding = 4; lastKnownFileType = sourcecode.swift; name = ReportCell.swift; path = View/ReportCell.swift; sourceTree = "<group>"; };
		D073662589B0D943E9E28E4F /* Pods.debug.xcconfig */ = {isa = PBXFileReference; includeInIndex = 1; lastKnownFileType = text.xcconfig; name = Pods.debug.xcconfig; path = "Pods/Target Support Files/Pods/Pods.debug.xcconfig"; sourceTree = "<group>"; };
/* End PBXFileReference section */

/* Begin PBXFrameworksBuildPhase section */
		11C4C55919E57B1100AE4243 /* Frameworks */ = {
			isa = PBXFrameworksBuildPhase;
			buildActionMask = 2147483647;
			files = (
				11B979051A0DEEEE00E3299F /* QuartzCore.framework in Frameworks */,
				808438D82402DD231E1FB6DD /* libPods.a in Frameworks */,
				9BBBD1351A22116400492C23 /* ChartKit.framework in Frameworks */,
			);
			runOnlyForDeploymentPostprocessing = 0;
		};
		11C4C57019E57B1200AE4243 /* Frameworks */ = {
			isa = PBXFrameworksBuildPhase;
			buildActionMask = 2147483647;
			files = (
			);
			runOnlyForDeploymentPostprocessing = 0;
		};
		9BBBD11A1A22116400492C23 /* Frameworks */ = {
			isa = PBXFrameworksBuildPhase;
			buildActionMask = 2147483647;
			files = (
			);
			runOnlyForDeploymentPostprocessing = 0;
		};
		9BBBD1251A22116400492C23 /* Frameworks */ = {
			isa = PBXFrameworksBuildPhase;
			buildActionMask = 2147483647;
			files = (
				9BBBD1291A22116400492C23 /* ChartKit.framework in Frameworks */,
			);
			runOnlyForDeploymentPostprocessing = 0;
		};
/* End PBXFrameworksBuildPhase section */

/* Begin PBXGroup section */
		1105956319EC062D00FF65EC /* Controllers */ = {
			isa = PBXGroup;
			children = (
				1105956419EC08EF00FF65EC /* AccountController.swift */,
				1105956519EC08EF00FF65EC /* FinanceController.swift */,
				9B069CBD1A3879E600C2E2E8 /* EditController.swift */,
				9B7DA6281A79265500AA745B /* ReportsController.swift */,
			);
			name = Controllers;
			sourceTree = "<group>";
		};
		1105956819EC093E00FF65EC /* Model */ = {
			isa = PBXGroup;
			children = (
				9BA011A21A6E9171005F6567 /* RLMSupport.swift */,
				9BA011A01A6E904E005F6567 /* Cash.swift */,
				9BA011A41A6E944A005F6567 /* Category.swift */,
				9B2E9EF91A6FE10F006375F6 /* DBManager.swift */,
			);
			name = Model;
			sourceTree = "<group>";
		};
		119C480319ED581C00374F6F /* View */ = {
			isa = PBXGroup;
			children = (
				9B39A5621A5AD64F00B0C182 /* CategoryCell.swift */,
				9BF63E901A7FBADC002AEBEE /* ReportCell.swift */,
			);
			name = View;
			sourceTree = "<group>";
		};
		11C4C55319E57B1100AE4243 = {
			isa = PBXGroup;
			children = (
				11C4C55E19E57B1100AE4243 /* FamilyFinance */,
				11C4C57619E57B1200AE4243 /* FamilyFinanceTests */,
				9BBBD11F1A22116400492C23 /* ChartKit */,
				9BBBD12E1A22116400492C23 /* ChartKitTests */,
				11C4C55D19E57B1100AE4243 /* Products */,
				FAC4F4A12B005727FF0F87C6 /* Pods */,
				1D24E31166FAD4559954F331 /* Frameworks */,
			);
			sourceTree = "<group>";
		};
		11C4C55D19E57B1100AE4243 /* Products */ = {
			isa = PBXGroup;
			children = (
				11C4C55C19E57B1100AE4243 /* FamilyFinance.app */,
				11C4C57319E57B1200AE4243 /* FamilyFinanceTests.xctest */,
				9BBBD11E1A22116400492C23 /* ChartKit.framework */,
				9BBBD1281A22116400492C23 /* ChartKitTests.xctest */,
			);
			name = Products;
			sourceTree = "<group>";
		};
		11C4C55E19E57B1100AE4243 /* FamilyFinance */ = {
			isa = PBXGroup;
			children = (
				9B5DBE781A9DC130005200CA /* Util */,
				9B22B15A1A8CE9FF00A56D54 /* Html */,
				9B39A5501A5ACDF900B0C182 /* Resource */,
				119C480319ED581C00374F6F /* View */,
				1105956819EC093E00FF65EC /* Model */,
				1105956319EC062D00FF65EC /* Controllers */,
				11C4C56119E57B1100AE4243 /* AppDelegate.swift */,
				11C4C56719E57B1100AE4243 /* Main.storyboard */,
				1134662B1A10DB2F00844C3F /* FamilyFinance-Bridging-Header.h */,
				11C4C56A19E57B1100AE4243 /* Images.xcassets */,
				11C4C56C19E57B1200AE4243 /* LaunchScreen.xib */,
				11C4C55F19E57B1100AE4243 /* Supporting Files */,
			);
			path = FamilyFinance;
			sourceTree = "<group>";
		};
		11C4C55F19E57B1100AE4243 /* Supporting Files */ = {
			isa = PBXGroup;
			children = (
				11C4C56019E57B1100AE4243 /* Info.plist */,
			);
			name = "Supporting Files";
			sourceTree = "<group>";
		};
		11C4C57619E57B1200AE4243 /* FamilyFinanceTests */ = {
			isa = PBXGroup;
			children = (
				11C4C57919E57B1200AE4243 /* FamilyFinanceTests.swift */,
				11C4C57719E57B1200AE4243 /* Supporting Files */,
			);
			path = FamilyFinanceTests;
			sourceTree = "<group>";
		};
		11C4C57719E57B1200AE4243 /* Supporting Files */ = {
			isa = PBXGroup;
			children = (
				11C4C57819E57B1200AE4243 /* Info.plist */,
			);
			name = "Supporting Files";
			sourceTree = "<group>";
		};
		1D24E31166FAD4559954F331 /* Frameworks */ = {
			isa = PBXGroup;
			children = (
				11B979041A0DEEEE00E3299F /* QuartzCore.framework */,
				501D06C7B6F7CD7BD3A2C33E /* libPods.a */,
			);
			name = Frameworks;
			sourceTree = "<group>";
		};
		9B39A5501A5ACDF900B0C182 /* Resource */ = {
			isa = PBXGroup;
			children = (
				9B39A5511A5ACDF900B0C182 /* images */,
			);
			path = Resource;
			sourceTree = "<group>";
		};
		9B39A5511A5ACDF900B0C182 /* images */ = {
			isa = PBXGroup;
			children = (
				9B6634841A77D04D00BB176B /* bonus.png */,
				9B6634851A77D04D00BB176B /* salary.png */,
				9B6634861A77D04D00BB176B /* stock.png */,
				9B75DE151A5D608C00B33E2C /* cloth.png */,
				9B39A5531A5ACDF900B0C182 /* entertainment.png */,
				9B39A5541A5ACDF900B0C182 /* food.png */,
				9B39A5551A5ACDF900B0C182 /* house.png */,
				9B39A5561A5ACDF900B0C182 /* label.png */,
				9B39A5571A5ACDF900B0C182 /* medicine.png */,
				9B39A5581A5ACDF900B0C182 /* shopping.png */,
				9B39A5591A5ACDF900B0C182 /* taxi.png */,
			);
			path = images;
			sourceTree = "<group>";
		};
		9B5DBE781A9DC130005200CA /* Util */ = {
			isa = PBXGroup;
			children = (
				9B5DBE791A9DC14C005200CA /* DateUtil.swift */,
			);
			name = Util;
			sourceTree = "<group>";
		};
		9BBBD11F1A22116400492C23 /* ChartKit */ = {
			isa = PBXGroup;
			children = (
				9BBBD1221A22116400492C23 /* ChartKit.h */,
				9BBBD1201A22116400492C23 /* Supporting Files */,
				9BBBD13E1A22120D00492C23 /* CircleChart.swift */,
				9B103EC21A2215C8000A56CF /* UIColor+Chart.swift */,
				9BB2BB2D1A24B7680045602A /* CountingLabel.swift */,
				9B37A7E61A35DA8B005829C7 /* LineLabel.swift */,
				9B914AF31A407C9400813E6A /* CurrencyTextField.swift */,
			);
			path = ChartKit;
			sourceTree = "<group>";
		};
		9BBBD1201A22116400492C23 /* Supporting Files */ = {
			isa = PBXGroup;
			children = (
				9BBBD1211A22116400492C23 /* Info.plist */,
			);
			name = "Supporting Files";
			sourceTree = "<group>";
		};
		9BBBD12E1A22116400492C23 /* ChartKitTests */ = {
			isa = PBXGroup;
			children = (
				9BBBD1311A22116400492C23 /* ChartKitTests.swift */,
				9BBBD12F1A22116400492C23 /* Supporting Files */,
			);
			path = ChartKitTests;
			sourceTree = "<group>";
		};
		9BBBD12F1A22116400492C23 /* Supporting Files */ = {
			isa = PBXGroup;
			children = (
				9BBBD1301A22116400492C23 /* Info.plist */,
			);
			name = "Supporting Files";
			sourceTree = "<group>";
		};
		FAC4F4A12B005727FF0F87C6 /* Pods */ = {
			isa = PBXGroup;
			children = (
				D073662589B0D943E9E28E4F /* Pods.debug.xcconfig */,
				55C7116BA96CFBB8A8ACFA07 /* Pods.release.xcconfig */,
			);
			name = Pods;
			sourceTree = "<group>";
		};
/* End PBXGroup section */

/* Begin PBXHeadersBuildPhase section */
		9BBBD11B1A22116400492C23 /* Headers */ = {
			isa = PBXHeadersBuildPhase;
			buildActionMask = 2147483647;
			files = (
				9BBBD1231A22116400492C23 /* ChartKit.h in Headers */,
			);
			runOnlyForDeploymentPostprocessing = 0;
		};
/* End PBXHeadersBuildPhase section */

/* Begin PBXNativeTarget section */
		11C4C55B19E57B1100AE4243 /* FamilyFinance */ = {
			isa = PBXNativeTarget;
			buildConfigurationList = 11C4C57D19E57B1200AE4243 /* Build configuration list for PBXNativeTarget "FamilyFinance" */;
			buildPhases = (
				F935F1719837323C9F089C37 /* Check Pods Manifest.lock */,
				11C4C55819E57B1100AE4243 /* Sources */,
				11C4C55919E57B1100AE4243 /* Frameworks */,
				11C4C55A19E57B1100AE4243 /* Resources */,
				B47901B65A0C7EABD68836E6 /* Copy Pods Resources */,
				9BBBD13A1A22116400492C23 /* Embed Frameworks */,
			);
			buildRules = (
			);
			dependencies = (
				9BBBD1341A22116400492C23 /* PBXTargetDependency */,
			);
			name = FamilyFinance;
			productName = FamilyFinance;
			productReference = 11C4C55C19E57B1100AE4243 /* FamilyFinance.app */;
			productType = "com.apple.product-type.application";
		};
		11C4C57219E57B1200AE4243 /* FamilyFinanceTests */ = {
			isa = PBXNativeTarget;
			buildConfigurationList = 11C4C58019E57B1200AE4243 /* Build configuration list for PBXNativeTarget "FamilyFinanceTests" */;
			buildPhases = (
				11C4C56F19E57B1200AE4243 /* Sources */,
				11C4C57019E57B1200AE4243 /* Frameworks */,
				11C4C57119E57B1200AE4243 /* Resources */,
			);
			buildRules = (
			);
			dependencies = (
				11C4C57519E57B1200AE4243 /* PBXTargetDependency */,
			);
			name = FamilyFinanceTests;
			productName = FamilyFinanceTests;
			productReference = 11C4C57319E57B1200AE4243 /* FamilyFinanceTests.xctest */;
			productType = "com.apple.product-type.bundle.unit-test";
		};
		9BBBD11D1A22116400492C23 /* ChartKit */ = {
			isa = PBXNativeTarget;
			buildConfigurationList = 9BBBD1371A22116400492C23 /* Build configuration list for PBXNativeTarget "ChartKit" */;
			buildPhases = (
				9BBBD1191A22116400492C23 /* Sources */,
				9BBBD11A1A22116400492C23 /* Frameworks */,
				9BBBD11B1A22116400492C23 /* Headers */,
				9BBBD11C1A22116400492C23 /* Resources */,
			);
			buildRules = (
			);
			dependencies = (
			);
			name = ChartKit;
			productName = ChartKit;
			productReference = 9BBBD11E1A22116400492C23 /* ChartKit.framework */;
			productType = "com.apple.product-type.framework";
		};
		9BBBD1271A22116400492C23 /* ChartKitTests */ = {
			isa = PBXNativeTarget;
			buildConfigurationList = 9BBBD13B1A22116400492C23 /* Build configuration list for PBXNativeTarget "ChartKitTests" */;
			buildPhases = (
				9BBBD1241A22116400492C23 /* Sources */,
				9BBBD1251A22116400492C23 /* Frameworks */,
				9BBBD1261A22116400492C23 /* Resources */,
			);
			buildRules = (
			);
			dependencies = (
				9BBBD12B1A22116400492C23 /* PBXTargetDependency */,
				9BBBD12D1A22116400492C23 /* PBXTargetDependency */,
			);
			name = ChartKitTests;
			productName = ChartKitTests;
			productReference = 9BBBD1281A22116400492C23 /* ChartKitTests.xctest */;
			productType = "com.apple.product-type.bundle.unit-test";
		};
/* End PBXNativeTarget section */

/* Begin PBXProject section */
		11C4C55419E57B1100AE4243 /* Project object */ = {
			isa = PBXProject;
			attributes = {
				LastUpgradeCheck = 0600;
				ORGANIZATIONNAME = "Zhang Gongwei";
				TargetAttributes = {
					11C4C55B19E57B1100AE4243 = {
						CreatedOnToolsVersion = 6.0.1;
						DevelopmentTeam = K37Z8FC634;
					};
					11C4C57219E57B1200AE4243 = {
						CreatedOnToolsVersion = 6.0.1;
						TestTargetID = 11C4C55B19E57B1100AE4243;
					};
					9BBBD11D1A22116400492C23 = {
						CreatedOnToolsVersion = 6.1;
						DevelopmentTeam = K37Z8FC634;
					};
					9BBBD1271A22116400492C23 = {
						CreatedOnToolsVersion = 6.1;
						TestTargetID = 11C4C55B19E57B1100AE4243;
					};
				};
			};
			buildConfigurationList = 11C4C55719E57B1100AE4243 /* Build configuration list for PBXProject "FamilyFinance" */;
			compatibilityVersion = "Xcode 3.2";
			developmentRegion = English;
			hasScannedForEncodings = 0;
			knownRegions = (
				en,
				Base,
			);
			mainGroup = 11C4C55319E57B1100AE4243;
			productRefGroup = 11C4C55D19E57B1100AE4243 /* Products */;
			projectDirPath = "";
			projectRoot = "";
			targets = (
				11C4C55B19E57B1100AE4243 /* FamilyFinance */,
				11C4C57219E57B1200AE4243 /* FamilyFinanceTests */,
				9BBBD11D1A22116400492C23 /* ChartKit */,
				9BBBD1271A22116400492C23 /* ChartKitTests */,
			);
		};
/* End PBXProject section */

/* Begin PBXResourcesBuildPhase section */
		11C4C55A19E57B1100AE4243 /* Resources */ = {
			isa = PBXResourcesBuildPhase;
			buildActionMask = 2147483647;
			files = (
				11C4C56919E57B1100AE4243 /* Main.storyboard in Resources */,
				9B39A55D1A5ACDF900B0C182 /* house.png in Resources */,
				9B22B15B1A8CE9FF00A56D54 /* Html in Resources */,
				11C4C56E19E57B1200AE4243 /* LaunchScreen.xib in Resources */,
				9B39A5601A5ACDF900B0C182 /* shopping.png in Resources */,
				9B6634891A77D04D00BB176B /* stock.png in Resources */,
				9B39A55F1A5ACDF900B0C182 /* medicine.png in Resources */,
				9B39A55E1A5ACDF900B0C182 /* label.png in Resources */,
				9B39A55B1A5ACDF900B0C182 /* entertainment.png in Resources */,
				9B75DE161A5D608C00B33E2C /* cloth.png in Resources */,
				11C4C56B19E57B1100AE4243 /* Images.xcassets in Resources */,
				9B39A55C1A5ACDF900B0C182 /* food.png in Resources */,
				9B39A5611A5ACDF900B0C182 /* taxi.png in Resources */,
				9B6634881A77D04D00BB176B /* salary.png in Resources */,
				9B6634871A77D04D00BB176B /* bonus.png in Resources */,
			);
			runOnlyForDeploymentPostprocessing = 0;
		};
		11C4C57119E57B1200AE4243 /* Resources */ = {
			isa = PBXResourcesBuildPhase;
			buildActionMask = 2147483647;
			files = (
			);
			runOnlyForDeploymentPostprocessing = 0;
		};
		9BBBD11C1A22116400492C23 /* Resources */ = {
			isa = PBXResourcesBuildPhase;
			buildActionMask = 2147483647;
			files = (
			);
			runOnlyForDeploymentPostprocessing = 0;
		};
		9BBBD1261A22116400492C23 /* Resources */ = {
			isa = PBXResourcesBuildPhase;
			buildActionMask = 2147483647;
			files = (
			);
			runOnlyForDeploymentPostprocessing = 0;
		};
/* End PBXResourcesBuildPhase section */

/* Begin PBXShellScriptBuildPhase section */
		B47901B65A0C7EABD68836E6 /* Copy Pods Resources */ = {
			isa = PBXShellScriptBuildPhase;
			buildActionMask = 2147483647;
			files = (
			);
			inputPaths = (
			);
			name = "Copy Pods Resources";
			outputPaths = (
			);
			runOnlyForDeploymentPostprocessing = 0;
			shellPath = /bin/sh;
			shellScript = "\"${SRCROOT}/Pods/Target Support Files/Pods/Pods-resources.sh\"\n";
			showEnvVarsInLog = 0;
		};
		F935F1719837323C9F089C37 /* Check Pods Manifest.lock */ = {
			isa = PBXShellScriptBuildPhase;
			buildActionMask = 2147483647;
			files = (
			);
			inputPaths = (
			);
			name = "Check Pods Manifest.lock";
			outputPaths = (
			);
			runOnlyForDeploymentPostprocessing = 0;
			shellPath = /bin/sh;
			shellScript = "diff \"${PODS_ROOT}/../Podfile.lock\" \"${PODS_ROOT}/Manifest.lock\" > /dev/null\nif [[ $? != 0 ]] ; then\n    cat << EOM\nerror: The sandbox is not in sync with the Podfile.lock. Run 'pod install' or update your CocoaPods installation.\nEOM\n    exit 1\nfi\n";
			showEnvVarsInLog = 0;
		};
/* End PBXShellScriptBuildPhase section */

/* Begin PBXSourcesBuildPhase section */
		11C4C55819E57B1100AE4243 /* Sources */ = {
			isa = PBXSourcesBuildPhase;
			buildActionMask = 2147483647;
			files = (
				11C4C56219E57B1100AE4243 /* AppDelegate.swift in Sources */,
				9B069CBE1A3879E600C2E2E8 /* EditController.swift in Sources */,
				9BA011A31A6E9171005F6567 /* RLMSupport.swift in Sources */,
				1105956719EC08EF00FF65EC /* FinanceController.swift in Sources */,
				9B2E9EFA1A6FE10F006375F6 /* DBManager.swift in Sources */,
				9B7DA6291A79265500AA745B /* ReportsController.swift in Sources */,
				1105956619EC08EF00FF65EC /* AccountController.swift in Sources */,
				9BF63E911A7FBADC002AEBEE /* ReportCell.swift in Sources */,
				9BA011A11A6E904E005F6567 /* Cash.swift in Sources */,
				9B5DBE7A1A9DC14C005200CA /* DateUtil.swift in Sources */,
				9B39A5631A5AD64F00B0C182 /* CategoryCell.swift in Sources */,
				9BA011A51A6E944A005F6567 /* Category.swift in Sources */,
			);
			runOnlyForDeploymentPostprocessing = 0;
		};
		11C4C56F19E57B1200AE4243 /* Sources */ = {
			isa = PBXSourcesBuildPhase;
			buildActionMask = 2147483647;
			files = (
				11C4C57A19E57B1200AE4243 /* FamilyFinanceTests.swift in Sources */,
			);
			runOnlyForDeploymentPostprocessing = 0;
		};
		9BBBD1191A22116400492C23 /* Sources */ = {
			isa = PBXSourcesBuildPhase;
			buildActionMask = 2147483647;
			files = (
				9B103EC31A2215C8000A56CF /* UIColor+Chart.swift in Sources */,
				9BB2BB2E1A24B7680045602A /* CountingLabel.swift in Sources */,
				9B37A7E71A35DA8B005829C7 /* LineLabel.swift in Sources */,
				9B914AF41A407C9400813E6A /* CurrencyTextField.swift in Sources */,
				9BBBD13F1A22120D00492C23 /* CircleChart.swift in Sources */,
			);
			runOnlyForDeploymentPostprocessing = 0;
		};
		9BBBD1241A22116400492C23 /* Sources */ = {
			isa = PBXSourcesBuildPhase;
			buildActionMask = 2147483647;
			files = (
				9BBBD1321A22116400492C23 /* ChartKitTests.swift in Sources */,
			);
			runOnlyForDeploymentPostprocessing = 0;
		};
/* End PBXSourcesBuildPhase section */

/* Begin PBXTargetDependency section */
		11C4C57519E57B1200AE4243 /* PBXTargetDependency */ = {
			isa = PBXTargetDependency;
			target = 11C4C55B19E57B1100AE4243 /* FamilyFinance */;
			targetProxy = 11C4C57419E57B1200AE4243 /* PBXContainerItemProxy */;
		};
		9BBBD12B1A22116400492C23 /* PBXTargetDependency */ = {
			isa = PBXTargetDependency;
			target = 9BBBD11D1A22116400492C23 /* ChartKit */;
			targetProxy = 9BBBD12A1A22116400492C23 /* PBXContainerItemProxy */;
		};
		9BBBD12D1A22116400492C23 /* PBXTargetDependency */ = {
			isa = PBXTargetDependency;
			target = 11C4C55B19E57B1100AE4243 /* FamilyFinance */;
			targetProxy = 9BBBD12C1A22116400492C23 /* PBXContainerItemProxy */;
		};
		9BBBD1341A22116400492C23 /* PBXTargetDependency */ = {
			isa = PBXTargetDependency;
			target = 9BBBD11D1A22116400492C23 /* ChartKit */;
			targetProxy = 9BBBD1331A22116400492C23 /* PBXContainerItemProxy */;
		};
/* End PBXTargetDependency section */

/* Begin PBXVariantGroup section */
		11C4C56719E57B1100AE4243 /* Main.storyboard */ = {
			isa = PBXVariantGroup;
			children = (
				11C4C56819E57B1100AE4243 /* Base */,
				9BDE09F61AA22B7B003356F8 /* zh-Hans */,
			);
			name = Main.storyboard;
			sourceTree = "<group>";
		};
		11C4C56C19E57B1200AE4243 /* LaunchScreen.xib */ = {
			isa = PBXVariantGroup;
			children = (
				11C4C56D19E57B1200AE4243 /* Base */,
				9BDE09F71AA22B7B003356F8 /* zh-Hans */,
			);
			name = LaunchScreen.xib;
			sourceTree = "<group>";
		};
/* End PBXVariantGroup section */

/* Begin XCBuildConfiguration section */
		11C4C57B19E57B1200AE4243 /* Debug */ = {
			isa = XCBuildConfiguration;
			buildSettings = {
				ALWAYS_SEARCH_USER_PATHS = NO;
				CLANG_CXX_LANGUAGE_STANDARD = "gnu++0x";
				CLANG_CXX_LIBRARY = "libc++";
				CLANG_ENABLE_MODULES = YES;
				CLANG_ENABLE_OBJC_ARC = YES;
				CLANG_WARN_BOOL_CONVERSION = YES;
				CLANG_WARN_CONSTANT_CONVERSION = YES;
				CLANG_WARN_DIRECT_OBJC_ISA_USAGE = YES_ERROR;
				CLANG_WARN_EMPTY_BODY = YES;
				CLANG_WARN_ENUM_CONVERSION = YES;
				CLANG_WARN_INT_CONVERSION = YES;
				CLANG_WARN_OBJC_ROOT_CLASS = YES_ERROR;
				CLANG_WARN_UNREACHABLE_CODE = YES;
				CLANG_WARN__DUPLICATE_METHOD_MATCH = YES;
				CODE_SIGN_IDENTITY = "iPhone Distribution";
				"CODE_SIGN_IDENTITY[sdk=iphoneos*]" = "iPhone Distribution";
				COPY_PHASE_STRIP = NO;
				ENABLE_STRICT_OBJC_MSGSEND = YES;
				GCC_C_LANGUAGE_STANDARD = gnu99;
				GCC_DYNAMIC_NO_PIC = NO;
				GCC_OPTIMIZATION_LEVEL = 0;
				GCC_PREPROCESSOR_DEFINITIONS = (
					"DEBUG=1",
					"$(inherited)",
				);
				GCC_SYMBOLS_PRIVATE_EXTERN = NO;
				GCC_WARN_64_TO_32_BIT_CONVERSION = YES;
				GCC_WARN_ABOUT_RETURN_TYPE = YES_ERROR;
				GCC_WARN_UNDECLARED_SELECTOR = YES;
				GCC_WARN_UNINITIALIZED_AUTOS = YES_AGGRESSIVE;
				GCC_WARN_UNUSED_FUNCTION = YES;
				GCC_WARN_UNUSED_VARIABLE = YES;
				IPHONEOS_DEPLOYMENT_TARGET = 8.0;
				MTL_ENABLE_DEBUG_INFO = YES;
				ONLY_ACTIVE_ARCH = YES;
				SDKROOT = iphoneos;
				SWIFT_OPTIMIZATION_LEVEL = "-Onone";
			};
			name = Debug;
		};
		11C4C57C19E57B1200AE4243 /* Release */ = {
			isa = XCBuildConfiguration;
			buildSettings = {
				ALWAYS_SEARCH_USER_PATHS = NO;
				CLANG_CXX_LANGUAGE_STANDARD = "gnu++0x";
				CLANG_CXX_LIBRARY = "libc++";
				CLANG_ENABLE_MODULES = YES;
				CLANG_ENABLE_OBJC_ARC = YES;
				CLANG_WARN_BOOL_CONVERSION = YES;
				CLANG_WARN_CONSTANT_CONVERSION = YES;
				CLANG_WARN_DIRECT_OBJC_ISA_USAGE = YES_ERROR;
				CLANG_WARN_EMPTY_BODY = YES;
				CLANG_WARN_ENUM_CONVERSION = YES;
				CLANG_WARN_INT_CONVERSION = YES;
				CLANG_WARN_OBJC_ROOT_CLASS = YES_ERROR;
				CLANG_WARN_UNREACHABLE_CODE = YES;
				CLANG_WARN__DUPLICATE_METHOD_MATCH = YES;
				CODE_SIGN_IDENTITY = "iPhone Distribution";
				"CODE_SIGN_IDENTITY[sdk=iphoneos*]" = "iPhone Distribution";
				COPY_PHASE_STRIP = YES;
				ENABLE_NS_ASSERTIONS = NO;
				ENABLE_STRICT_OBJC_MSGSEND = YES;
				GCC_C_LANGUAGE_STANDARD = gnu99;
				GCC_WARN_64_TO_32_BIT_CONVERSION = YES;
				GCC_WARN_ABOUT_RETURN_TYPE = YES_ERROR;
				GCC_WARN_UNDECLARED_SELECTOR = YES;
				GCC_WARN_UNINITIALIZED_AUTOS = YES_AGGRESSIVE;
				GCC_WARN_UNUSED_FUNCTION = YES;
				GCC_WARN_UNUSED_VARIABLE = YES;
				IPHONEOS_DEPLOYMENT_TARGET = 8.0;
				MTL_ENABLE_DEBUG_INFO = NO;
				SDKROOT = iphoneos;
				VALIDATE_PRODUCT = YES;
			};
			name = Release;
		};
		11C4C57E19E57B1200AE4243 /* Debug */ = {
			isa = XCBuildConfiguration;
			baseConfigurationReference = D073662589B0D943E9E28E4F /* Pods.debug.xcconfig */;
			buildSettings = {
				ASSETCATALOG_COMPILER_APPICON_NAME = AppIcon;
				ASSETCATALOG_COMPILER_LAUNCHIMAGE_NAME = "LaunchImage-2";
				CLANG_ENABLE_MODULES = YES;
				CODE_SIGN_IDENTITY = "iPhone Developer";
				"CODE_SIGN_IDENTITY[sdk=iphoneos*]" = "iPhone Developer";
				INFOPLIST_FILE = FamilyFinance/Info.plist;
				IPHONEOS_DEPLOYMENT_TARGET = 8.0;
				LD_RUNPATH_SEARCH_PATHS = "$(inherited) @executable_path/Frameworks";
				PRODUCT_NAME = "$(TARGET_NAME)";
				PROVISIONING_PROFILE = "";
				SWIFT_OBJC_BRIDGING_HEADER = "FamilyFinance/FamilyFinance-Bridging-Header.h";
				SWIFT_OPTIMIZATION_LEVEL = "-Onone";
			};
			name = Debug;
		};
		11C4C57F19E57B1200AE4243 /* Release */ = {
			isa = XCBuildConfiguration;
			baseConfigurationReference = 55C7116BA96CFBB8A8ACFA07 /* Pods.release.xcconfig */;
			buildSettings = {
				ASSETCATALOG_COMPILER_APPICON_NAME = AppIcon;
				ASSETCATALOG_COMPILER_LAUNCHIMAGE_NAME = "LaunchImage-2";
				CLANG_ENABLE_MODULES = YES;
				CODE_SIGN_IDENTITY = "iPhone Developer";
				"CODE_SIGN_IDENTITY[sdk=iphoneos*]" = "iPhone Developer";
				INFOPLIST_FILE = FamilyFinance/Info.plist;
				IPHONEOS_DEPLOYMENT_TARGET = 8.0;
				LD_RUNPATH_SEARCH_PATHS = "$(inherited) @executable_path/Frameworks";
				PRODUCT_NAME = "$(TARGET_NAME)";
				PROVISIONING_PROFILE = "";
				SWIFT_OBJC_BRIDGING_HEADER = "FamilyFinance/FamilyFinance-Bridging-Header.h";
			};
			name = Release;
		};
		11C4C58119E57B1200AE4243 /* Debug */ = {
			isa = XCBuildConfiguration;
			buildSettings = {
				BUNDLE_LOADER = "$(TEST_HOST)";
				FRAMEWORK_SEARCH_PATHS = (
					"$(SDKROOT)/Developer/Library/Frameworks",
					"$(inherited)",
				);
				GCC_PREPROCESSOR_DEFINITIONS = (
					"DEBUG=1",
					"$(inherited)",
				);
				INFOPLIST_FILE = FamilyFinanceTests/Info.plist;
				LD_RUNPATH_SEARCH_PATHS = "$(inherited) @executable_path/Frameworks @loader_path/Frameworks";
				PRODUCT_NAME = "$(TARGET_NAME)";
				TEST_HOST = "$(BUILT_PRODUCTS_DIR)/FamilyFinance.app/FamilyFinance";
			};
			name = Debug;
		};
		11C4C58219E57B1200AE4243 /* Release */ = {
			isa = XCBuildConfiguration;
			buildSettings = {
				BUNDLE_LOADER = "$(TEST_HOST)";
				FRAMEWORK_SEARCH_PATHS = (
					"$(SDKROOT)/Developer/Library/Frameworks",
					"$(inherited)",
				);
				INFOPLIST_FILE = FamilyFinanceTests/Info.plist;
				LD_RUNPATH_SEARCH_PATHS = "$(inherited) @executable_path/Frameworks @loader_path/Frameworks";
				PRODUCT_NAME = "$(TARGET_NAME)";
				TEST_HOST = "$(BUILT_PRODUCTS_DIR)/FamilyFinance.app/FamilyFinance";
			};
			name = Release;
		};
		9BBBD1381A22116400492C23 /* Debug */ = {
			isa = XCBuildConfiguration;
			buildSettings = {
				CLANG_ENABLE_MODULES = YES;
				CODE_SIGN_IDENTITY = "iPhone Distribution";
				"CODE_SIGN_IDENTITY[sdk=iphoneos*]" = "iPhone Distribution";
				CURRENT_PROJECT_VERSION = 1;
				DEFINES_MODULE = YES;
				DYLIB_COMPATIBILITY_VERSION = 1;
				DYLIB_CURRENT_VERSION = 1;
				DYLIB_INSTALL_NAME_BASE = "@rpath";
				GCC_PREPROCESSOR_DEFINITIONS = (
					"DEBUG=1",
					"$(inherited)",
				);
				INFOPLIST_FILE = ChartKit/Info.plist;
				INSTALL_PATH = "$(LOCAL_LIBRARY_DIR)/Frameworks";
				IPHONEOS_DEPLOYMENT_TARGET = 8.0;
				LD_RUNPATH_SEARCH_PATHS = "$(inherited) @executable_path/Frameworks @loader_path/Frameworks";
				PRODUCT_NAME = "$(TARGET_NAME)";
				SKIP_INSTALL = YES;
				SWIFT_OPTIMIZATION_LEVEL = "-Onone";
				TARGETED_DEVICE_FAMILY = 1;
				VERSIONING_SYSTEM = "apple-generic";
				VERSION_INFO_PREFIX = "";
			};
			name = Debug;
		};
		9BBBD1391A22116400492C23 /* Release */ = {
			isa = XCBuildConfiguration;
			buildSettings = {
				CLANG_ENABLE_MODULES = YES;
				CODE_SIGN_IDENTITY = "iPhone Distribution";
				"CODE_SIGN_IDENTITY[sdk=iphoneos*]" = "iPhone Distribution";
				CURRENT_PROJECT_VERSION = 1;
				DEFINES_MODULE = YES;
				DYLIB_COMPATIBILITY_VERSION = 1;
				DYLIB_CURRENT_VERSION = 1;
				DYLIB_INSTALL_NAME_BASE = "@rpath";
				INFOPLIST_FILE = ChartKit/Info.plist;
				INSTALL_PATH = "$(LOCAL_LIBRARY_DIR)/Frameworks";
				IPHONEOS_DEPLOYMENT_TARGET = 8.0;
				LD_RUNPATH_SEARCH_PATHS = "$(inherited) @executable_path/Frameworks @loader_path/Frameworks";
				PRODUCT_NAME = "$(TARGET_NAME)";
				SKIP_INSTALL = YES;
				TARGETED_DEVICE_FAMILY = 1;
				VERSIONING_SYSTEM = "apple-generic";
				VERSION_INFO_PREFIX = "";
			};
			name = Release;
		};
		9BBBD13C1A22116400492C23 /* Debug */ = {
			isa = XCBuildConfiguration;
			buildSettings = {
				FRAMEWORK_SEARCH_PATHS = (
					"$(SDKROOT)/Developer/Library/Frameworks",
					"$(inherited)",
				);
				GCC_PREPROCESSOR_DEFINITIONS = (
					"DEBUG=1",
					"$(inherited)",
				);
				INFOPLIST_FILE = ChartKitTests/Info.plist;
				IPHONEOS_DEPLOYMENT_TARGET = 8.1;
				LD_RUNPATH_SEARCH_PATHS = "$(inherited) @executable_path/Frameworks @loader_path/Frameworks";
				PRODUCT_NAME = "$(TARGET_NAME)";
				TEST_HOST = "$(BUILT_PRODUCTS_DIR)/FamilyFinance.app/FamilyFinance";
			};
			name = Debug;
		};
		9BBBD13D1A22116400492C23 /* Release */ = {
			isa = XCBuildConfiguration;
			buildSettings = {
				FRAMEWORK_SEARCH_PATHS = (
					"$(SDKROOT)/Developer/Library/Frameworks",
					"$(inherited)",
				);
				INFOPLIST_FILE = ChartKitTests/Info.plist;
				IPHONEOS_DEPLOYMENT_TARGET = 8.1;
				LD_RUNPATH_SEARCH_PATHS = "$(inherited) @executable_path/Frameworks @loader_path/Frameworks";
				PRODUCT_NAME = "$(TARGET_NAME)";
				TEST_HOST = "$(BUILT_PRODUCTS_DIR)/FamilyFinance.app/FamilyFinance";
			};
			name = Release;
		};
/* End XCBuildConfiguration section */

/* Begin XCConfigurationList section */
		11C4C55719E57B1100AE4243 /* Build configuration list for PBXProject "FamilyFinance" */ = {
			isa = XCConfigurationList;
			buildConfigurations = (
				11C4C57B19E57B1200AE4243 /* Debug */,
				11C4C57C19E57B1200AE4243 /* Release */,
			);
			defaultConfigurationIsVisible = 0;
			defaultConfigurationName = Release;
		};
		11C4C57D19E57B1200AE4243 /* Build configuration list for PBXNativeTarget "FamilyFinance" */ = {
			isa = XCConfigurationList;
			buildConfigurations = (
				11C4C57E19E57B1200AE4243 /* Debug */,
				11C4C57F19E57B1200AE4243 /* Release */,
			);
			defaultConfigurationIsVisible = 0;
			defaultConfigurationName = Release;
		};
		11C4C58019E57B1200AE4243 /* Build configuration list for PBXNativeTarget "FamilyFinanceTests" */ = {
			isa = XCConfigurationList;
			buildConfigurations = (
				11C4C58119E57B1200AE4243 /* Debug */,
				11C4C58219E57B1200AE4243 /* Release */,
			);
			defaultConfigurationIsVisible = 0;
			defaultConfigurationName = Release;
		};
		9BBBD1371A22116400492C23 /* Build configuration list for PBXNativeTarget "ChartKit" */ = {
			isa = XCConfigurationList;
			buildConfigurations = (
				9BBBD1381A22116400492C23 /* Debug */,
				9BBBD1391A22116400492C23 /* Release */,
			);
			defaultConfigurationIsVisible = 0;
			defaultConfigurationName = Release;
		};
		9BBBD13B1A22116400492C23 /* Build configuration list for PBXNativeTarget "ChartKitTests" */ = {
			isa = XCConfigurationList;
			buildConfigurations = (
				9BBBD13C1A22116400492C23 /* Debug */,
				9BBBD13D1A22116400492C23 /* Release */,
			);
			defaultConfigurationIsVisible = 0;
			defaultConfigurationName = Release;
		};
/* End XCConfigurationList section */
	};
	rootObject = 11C4C55419E57B1100AE4243 /* Project object */;
}
